// !$*UTF8*$!
{
	archiveVersion = 1;
	classes = {
	};
	objectVersion = 77;
	objects = {

/* Begin PBXBuildFile section */
		1B159FDB2CE71D2400334CBA /* AppDelegate.swift in Sources */ = {isa = PBXBuildFile; fileRef = 1B159FDA2CE71D2400334CBA /* AppDelegate.swift */; };
		1B159FDD2CE71D2400334CBA /* SceneDelegate.swift in Sources */ = {isa = PBXBuildFile; fileRef = 1B159FDC2CE71D2400334CBA /* SceneDelegate.swift */; };
		1B159FDF2CE71D2400334CBA /* TasksViewController.swift in Sources */ = {isa = PBXBuildFile; fileRef = 1B159FDE2CE71D2400334CBA /* TasksViewController.swift */; };
		1B159FE42CE71D2600334CBA /* Assets.xcassets in Resources */ = {isa = PBXBuildFile; fileRef = 1B159FE32CE71D2600334CBA /* Assets.xcassets */; };
		1B159FE72CE71D2600334CBA /* LaunchScreen.storyboard in Resources */ = {isa = PBXBuildFile; fileRef = 1B159FE52CE71D2600334CBA /* LaunchScreen.storyboard */; };
		1B159FF72CE71F2F00334CBA /* SnapKit in Frameworks */ = {isa = PBXBuildFile; productRef = 1B159FF62CE71F2F00334CBA /* SnapKit */; };
		1B159FFA2CE7215000334CBA /* Label.swift in Sources */ = {isa = PBXBuildFile; fileRef = 1B159FF92CE7215000334CBA /* Label.swift */; };
		1B159FFC2CE7219D00334CBA /* TabButton.swift in Sources */ = {isa = PBXBuildFile; fileRef = 1B159FFB2CE7219D00334CBA /* TabButton.swift */; };
		1B4510262CE72CF900B673A1 /* DetailTaskViewController.swift in Sources */ = {isa = PBXBuildFile; fileRef = 1B4510252CE72CF900B673A1 /* DetailTaskViewController.swift */; };
		1B4510292CE72DCE00B673A1 /* TaskCell.swift in Sources */ = {isa = PBXBuildFile; fileRef = 1B4510282CE72DCE00B673A1 /* TaskCell.swift */; };
		1B45102C2CE747E700B673A1 /* Color.swift in Sources */ = {isa = PBXBuildFile; fileRef = 1B45102A2CE747E700B673A1 /* Color.swift */; };
		1B45102E2CE747FE00B673A1 /* UIColor + Extension.swift in Sources */ = {isa = PBXBuildFile; fileRef = 1B45102D2CE747FE00B673A1 /* UIColor + Extension.swift */; };
		1B4510312CE770AD00B673A1 /* UIView + Extensions.swift in Sources */ = {isa = PBXBuildFile; fileRef = 1B4510302CE770AD00B673A1 /* UIView + Extensions.swift */; };
		1B4510332CE77C5300B673A1 /* SelectTaskView.swift in Sources */ = {isa = PBXBuildFile; fileRef = 1B4510322CE77C5200B673A1 /* SelectTaskView.swift */; };
		1B4510352CE7B3A700B673A1 /* MenuButton.swift in Sources */ = {isa = PBXBuildFile; fileRef = 1B4510342CE7B3A700B673A1 /* MenuButton.swift */; };
/* End PBXBuildFile section */

/* Begin PBXFileReference section */
		1B159FD72CE71D2400334CBA /* ToDo.app */ = {isa = PBXFileReference; explicitFileType = wrapper.application; includeInIndex = 0; path = ToDo.app; sourceTree = BUILT_PRODUCTS_DIR; };
		1B159FDA2CE71D2400334CBA /* AppDelegate.swift */ = {isa = PBXFileReference; lastKnownFileType = sourcecode.swift; path = AppDelegate.swift; sourceTree = "<group>"; };
		1B159FDC2CE71D2400334CBA /* SceneDelegate.swift */ = {isa = PBXFileReference; lastKnownFileType = sourcecode.swift; path = SceneDelegate.swift; sourceTree = "<group>"; };
		1B159FDE2CE71D2400334CBA /* TasksViewController.swift */ = {isa = PBXFileReference; lastKnownFileType = sourcecode.swift; path = TasksViewController.swift; sourceTree = "<group>"; };
		1B159FE32CE71D2600334CBA /* Assets.xcassets */ = {isa = PBXFileReference; lastKnownFileType = folder.assetcatalog; path = Assets.xcassets; sourceTree = "<group>"; };
		1B159FE62CE71D2600334CBA /* Base */ = {isa = PBXFileReference; lastKnownFileType = file.storyboard; name = Base; path = Base.lproj/LaunchScreen.storyboard; sourceTree = "<group>"; };
		1B159FE82CE71D2600334CBA /* Info.plist */ = {isa = PBXFileReference; lastKnownFileType = text.plist.xml; path = Info.plist; sourceTree = "<group>"; };
		1B159FF92CE7215000334CBA /* Label.swift */ = {isa = PBXFileReference; lastKnownFileType = sourcecode.swift; path = Label.swift; sourceTree = "<group>"; };
		1B159FFB2CE7219D00334CBA /* TabButton.swift */ = {isa = PBXFileReference; lastKnownFileType = sourcecode.swift; path = TabButton.swift; sourceTree = "<group>"; };
		1B4510252CE72CF900B673A1 /* DetailTaskViewController.swift */ = {isa = PBXFileReference; lastKnownFileType = sourcecode.swift; path = DetailTaskViewController.swift; sourceTree = "<group>"; };
		1B4510282CE72DCE00B673A1 /* TaskCell.swift */ = {isa = PBXFileReference; lastKnownFileType = sourcecode.swift; path = TaskCell.swift; sourceTree = "<group>"; };
		1B45102A2CE747E700B673A1 /* Color.swift */ = {isa = PBXFileReference; lastKnownFileType = sourcecode.swift; path = Color.swift; sourceTree = "<group>"; };
		1B45102D2CE747FE00B673A1 /* UIColor + Extension.swift */ = {isa = PBXFileReference; lastKnownFileType = sourcecode.swift; path = "UIColor + Extension.swift"; sourceTree = "<group>"; };
		1B4510302CE770AD00B673A1 /* UIView + Extensions.swift */ = {isa = PBXFileReference; lastKnownFileType = sourcecode.swift; path = "UIView + Extensions.swift"; sourceTree = "<group>"; };
		1B4510322CE77C5200B673A1 /* SelectTaskView.swift */ = {isa = PBXFileReference; lastKnownFileType = sourcecode.swift; path = SelectTaskView.swift; sourceTree = "<group>"; };
		1B4510342CE7B3A700B673A1 /* MenuButton.swift */ = {isa = PBXFileReference; lastKnownFileType = sourcecode.swift; path = MenuButton.swift; sourceTree = "<group>"; };
/* End PBXFileReference section */

/* Begin PBXFrameworksBuildPhase section */
		1B159FD42CE71D2400334CBA /* Frameworks */ = {
			isa = PBXFrameworksBuildPhase;
			buildActionMask = 2147483647;
			files = (
				1B159FF72CE71F2F00334CBA /* SnapKit in Frameworks */,
			);
			runOnlyForDeploymentPostprocessing = 0;
		};
/* End PBXFrameworksBuildPhase section */

/* Begin PBXGroup section */
		1B159FCE2CE71D2400334CBA = {
			isa = PBXGroup;
			children = (
				1B159FF12CE71D6400334CBA /* ToDo */,
				1B159FD82CE71D2400334CBA /* Products */,
			);
			sourceTree = "<group>";
		};
		1B159FD82CE71D2400334CBA /* Products */ = {
			isa = PBXGroup;
			children = (
				1B159FD72CE71D2400334CBA /* ToDo.app */,
			);
			name = Products;
			sourceTree = "<group>";
		};
		1B159FF12CE71D6400334CBA /* ToDo */ = {
			isa = PBXGroup;
			children = (
				1B159FF22CE71D7C00334CBA /* AppDelegates */,
				1B45102B2CE747E700B673A1 /* Color */,
				1B159FF82CE7212E00334CBA /* CustomUI */,
				1B45102F2CE7709A00B673A1 /* Extensions */,
				1B159FF32CE71E1200334CBA /* StartApplication */,
				1B159FF42CE71EB600334CBA /* MainApplication */,
				1B159FE32CE71D2600334CBA /* Assets.xcassets */,
				1B159FE82CE71D2600334CBA /* Info.plist */,
			);
			path = ToDo;
			sourceTree = "<group>";
		};
		1B159FF22CE71D7C00334CBA /* AppDelegates */ = {
			isa = PBXGroup;
			children = (
				1B159FDA2CE71D2400334CBA /* AppDelegate.swift */,
				1B159FDC2CE71D2400334CBA /* SceneDelegate.swift */,
			);
			path = AppDelegates;
			sourceTree = "<group>";
		};
		1B159FF32CE71E1200334CBA /* StartApplication */ = {
			isa = PBXGroup;
			children = (
				1B159FE52CE71D2600334CBA /* LaunchScreen.storyboard */,
			);
			path = StartApplication;
			sourceTree = "<group>";
		};
		1B159FF42CE71EB600334CBA /* MainApplication */ = {
			isa = PBXGroup;
			children = (
				1B4510232CE72C7300B673A1 /* Tasks */,
				1B4510242CE72CAB00B673A1 /* DetailTask */,
			);
			path = MainApplication;
			sourceTree = "<group>";
		};
		1B159FF82CE7212E00334CBA /* CustomUI */ = {
			isa = PBXGroup;
			children = (
				1B159FF92CE7215000334CBA /* Label.swift */,
				1B159FFB2CE7219D00334CBA /* TabButton.swift */,
				1B4510322CE77C5200B673A1 /* SelectTaskView.swift */,
				1B4510342CE7B3A700B673A1 /* MenuButton.swift */,
			);
			path = CustomUI;
			sourceTree = "<group>";
		};
		1B4510232CE72C7300B673A1 /* Tasks */ = {
			isa = PBXGroup;
			children = (
				1B4510272CE72D9C00B673A1 /* Cell */,
				1B159FDE2CE71D2400334CBA /* TasksViewController.swift */,
			);
			path = Tasks;
			sourceTree = "<group>";
		};
		1B4510242CE72CAB00B673A1 /* DetailTask */ = {
			isa = PBXGroup;
			children = (
				1B4510252CE72CF900B673A1 /* DetailTaskViewController.swift */,
			);
			path = DetailTask;
			sourceTree = "<group>";
		};
		1B4510272CE72D9C00B673A1 /* Cell */ = {
			isa = PBXGroup;
			children = (
				1B4510282CE72DCE00B673A1 /* TaskCell.swift */,
			);
			path = Cell;
			sourceTree = "<group>";
		};
		1B45102B2CE747E700B673A1 /* Color */ = {
			isa = PBXGroup;
			children = (
				1B45102A2CE747E700B673A1 /* Color.swift */,
			);
			path = Color;
			sourceTree = "<group>";
		};
		1B45102F2CE7709A00B673A1 /* Extensions */ = {
			isa = PBXGroup;
			children = (
				1B4510302CE770AD00B673A1 /* UIView + Extensions.swift */,
				1B45102D2CE747FE00B673A1 /* UIColor + Extension.swift */,
			);
			path = Extensions;
			sourceTree = "<group>";
		};
/* End PBXGroup section */

/* Begin PBXNativeTarget section */
		1B159FD62CE71D2400334CBA /* ToDo */ = {
			isa = PBXNativeTarget;
			buildConfigurationList = 1B159FEA2CE71D2600334CBA /* Build configuration list for PBXNativeTarget "ToDo" */;
			buildPhases = (
				1B159FD32CE71D2400334CBA /* Sources */,
				1B159FD42CE71D2400334CBA /* Frameworks */,
				1B159FD52CE71D2400334CBA /* Resources */,
			);
			buildRules = (
			);
			dependencies = (
			);
			name = ToDo;
			packageProductDependencies = (
				1B159FF62CE71F2F00334CBA /* SnapKit */,
			);
			productName = ToDo;
			productReference = 1B159FD72CE71D2400334CBA /* ToDo.app */;
			productType = "com.apple.product-type.application";
		};
/* End PBXNativeTarget section */

/* Begin PBXProject section */
		1B159FCF2CE71D2400334CBA /* Project object */ = {
			isa = PBXProject;
			attributes = {
				BuildIndependentTargetsInParallel = 1;
				LastSwiftUpdateCheck = 1610;
				LastUpgradeCheck = 1610;
				TargetAttributes = {
					1B159FD62CE71D2400334CBA = {
						CreatedOnToolsVersion = 16.1;
					};
				};
			};
			buildConfigurationList = 1B159FD22CE71D2400334CBA /* Build configuration list for PBXProject "ToDo" */;
			developmentRegion = en;
			hasScannedForEncodings = 0;
			knownRegions = (
				en,
				Base,
			);
			mainGroup = 1B159FCE2CE71D2400334CBA;
			minimizedProjectReferenceProxies = 1;
			packageReferences = (
				1B159FF52CE71F2F00334CBA /* XCRemoteSwiftPackageReference "SnapKit" */,
			);
			preferredProjectObjectVersion = 77;
			productRefGroup = 1B159FD82CE71D2400334CBA /* Products */;
			projectDirPath = "";
			projectRoot = "";
			targets = (
				1B159FD62CE71D2400334CBA /* ToDo */,
			);
		};
/* End PBXProject section */

/* Begin PBXResourcesBuildPhase section */
		1B159FD52CE71D2400334CBA /* Resources */ = {
			isa = PBXResourcesBuildPhase;
			buildActionMask = 2147483647;
			files = (
				1B159FE72CE71D2600334CBA /* LaunchScreen.storyboard in Resources */,
				1B159FE42CE71D2600334CBA /* Assets.xcassets in Resources */,
			);
			runOnlyForDeploymentPostprocessing = 0;
		};
/* End PBXResourcesBuildPhase section */

/* Begin PBXSourcesBuildPhase section */
		1B159FD32CE71D2400334CBA /* Sources */ = {
			isa = PBXSourcesBuildPhase;
			buildActionMask = 2147483647;
			files = (
				1B4510312CE770AD00B673A1 /* UIView + Extensions.swift in Sources */,
				1B45102E2CE747FE00B673A1 /* UIColor + Extension.swift in Sources */,
				1B4510352CE7B3A700B673A1 /* MenuButton.swift in Sources */,
				1B159FFC2CE7219D00334CBA /* TabButton.swift in Sources */,
				1B4510292CE72DCE00B673A1 /* TaskCell.swift in Sources */,
				1B159FDF2CE71D2400334CBA /* TasksViewController.swift in Sources */,
				1B159FDB2CE71D2400334CBA /* AppDelegate.swift in Sources */,
				1B159FFA2CE7215000334CBA /* Label.swift in Sources */,
				1B45102C2CE747E700B673A1 /* Color.swift in Sources */,
				1B4510262CE72CF900B673A1 /* DetailTaskViewController.swift in Sources */,
				1B4510332CE77C5300B673A1 /* SelectTaskView.swift in Sources */,
				1B159FDD2CE71D2400334CBA /* SceneDelegate.swift in Sources */,
			);
			runOnlyForDeploymentPostprocessing = 0;
		};
/* End PBXSourcesBuildPhase section */

/* Begin PBXVariantGroup section */
		1B159FE52CE71D2600334CBA /* LaunchScreen.storyboard */ = {
			isa = PBXVariantGroup;
			children = (
				1B159FE62CE71D2600334CBA /* Base */,
			);
			name = LaunchScreen.storyboard;
			sourceTree = "<group>";
		};
/* End PBXVariantGroup section */

/* Begin XCBuildConfiguration section */
		1B159FEB2CE71D2600334CBA /* Debug */ = {
			isa = XCBuildConfiguration;
			buildSettings = {
				ASSETCATALOG_COMPILER_APPICON_NAME = AppIcon;
				ASSETCATALOG_COMPILER_GLOBAL_ACCENT_COLOR_NAME = AccentColor;
				CODE_SIGN_STYLE = Automatic;
				CURRENT_PROJECT_VERSION = 1;
				DEVELOPMENT_TEAM = YX6DWV484Z;
				GENERATE_INFOPLIST_FILE = YES;
				INFOPLIST_FILE = ToDo/Info.plist;
				INFOPLIST_KEY_UIApplicationSupportsIndirectInputEvents = YES;
				INFOPLIST_KEY_UILaunchStoryboardName = LaunchScreen;
				INFOPLIST_KEY_UISupportedInterfaceOrientations = UIInterfaceOrientationPortrait;
				IPHONEOS_DEPLOYMENT_TARGET = 18.0;
				LD_RUNPATH_SEARCH_PATHS = (
					"$(inherited)",
					"@executable_path/Frameworks",
				);
				MARKETING_VERSION = 1.0;
				PRODUCT_BUNDLE_IDENTIFIER = Tarakin.ToDo;
				PRODUCT_NAME = "$(TARGET_NAME)";
				SUPPORTED_PLATFORMS = "iphoneos iphonesimulator";
				SUPPORTS_MACCATALYST = NO;
				SUPPORTS_XR_DESIGNED_FOR_IPHONE_IPAD = NO;
				SWIFT_EMIT_LOC_STRINGS = YES;
				SWIFT_VERSION = 5.0;
				TARGETED_DEVICE_FAMILY = "1,2";
			};
			name = Debug;
		};
		1B159FEC2CE71D2600334CBA /* Release */ = {
			isa = XCBuildConfiguration;
			buildSettings = {
				ASSETCATALOG_COMPILER_APPICON_NAME = AppIcon;
				ASSETCATALOG_COMPILER_GLOBAL_ACCENT_COLOR_NAME = AccentColor;
				CODE_SIGN_STYLE = Automatic;
				CURRENT_PROJECT_VERSION = 1;
				DEVELOPMENT_TEAM = YX6DWV484Z;
				GENERATE_INFOPLIST_FILE = YES;
				INFOPLIST_FILE = ToDo/Info.plist;
				INFOPLIST_KEY_UIApplicationSupportsIndirectInputEvents = YES;
				INFOPLIST_KEY_UILaunchStoryboardName = LaunchScreen;
				INFOPLIST_KEY_UISupportedInterfaceOrientations = UIInterfaceOrientationPortrait;
				IPHONEOS_DEPLOYMENT_TARGET = 18.0;
				LD_RUNPATH_SEARCH_PATHS = (
					"$(inherited)",
					"@executable_path/Frameworks",
				);
				MARKETING_VERSION = 1.0;
				PRODUCT_BUNDLE_IDENTIFIER = Tarakin.ToDo;
				PRODUCT_NAME = "$(TARGET_NAME)";
				SUPPORTED_PLATFORMS = "iphoneos iphonesimulator";
				SUPPORTS_MACCATALYST = NO;
				SUPPORTS_XR_DESIGNED_FOR_IPHONE_IPAD = NO;
				SWIFT_EMIT_LOC_STRINGS = YES;
				SWIFT_VERSION = 5.0;
				TARGETED_DEVICE_FAMILY = "1,2";
			};
			name = Release;
		};
		1B159FED2CE71D2600334CBA /* Debug */ = {
			isa = XCBuildConfiguration;
			buildSettings = {
				ALWAYS_SEARCH_USER_PATHS = NO;
				ASSETCATALOG_COMPILER_GENERATE_SWIFT_ASSET_SYMBOL_EXTENSIONS = YES;
				CLANG_ANALYZER_NONNULL = YES;
				CLANG_ANALYZER_NUMBER_OBJECT_CONVERSION = YES_AGGRESSIVE;
				CLANG_CXX_LANGUAGE_STANDARD = "gnu++20";
				CLANG_ENABLE_MODULES = YES;
				CLANG_ENABLE_OBJC_ARC = YES;
				CLANG_ENABLE_OBJC_WEAK = YES;
				CLANG_WARN_BLOCK_CAPTURE_AUTORELEASING = YES;
				CLANG_WARN_BOOL_CONVERSION = YES;
				CLANG_WARN_COMMA = YES;
				CLANG_WARN_CONSTANT_CONVERSION = YES;
				CLANG_WARN_DEPRECATED_OBJC_IMPLEMENTATIONS = YES;
				CLANG_WARN_DIRECT_OBJC_ISA_USAGE = YES_ERROR;
				CLANG_WARN_DOCUMENTATION_COMMENTS = YES;
				CLANG_WARN_EMPTY_BODY = YES;
				CLANG_WARN_ENUM_CONVERSION = YES;
				CLANG_WARN_INFINITE_RECURSION = YES;
				CLANG_WARN_INT_CONVERSION = YES;
				CLANG_WARN_NON_LITERAL_NULL_CONVERSION = YES;
				CLANG_WARN_OBJC_IMPLICIT_RETAIN_SELF = YES;
				CLANG_WARN_OBJC_LITERAL_CONVERSION = YES;
				CLANG_WARN_OBJC_ROOT_CLASS = YES_ERROR;
				CLANG_WARN_QUOTED_INCLUDE_IN_FRAMEWORK_HEADER = YES;
				CLANG_WARN_RANGE_LOOP_ANALYSIS = YES;
				CLANG_WARN_STRICT_PROTOTYPES = YES;
				CLANG_WARN_SUSPICIOUS_MOVE = YES;
				CLANG_WARN_UNGUARDED_AVAILABILITY = YES_AGGRESSIVE;
				CLANG_WARN_UNREACHABLE_CODE = YES;
				CLANG_WARN__DUPLICATE_METHOD_MATCH = YES;
				COPY_PHASE_STRIP = NO;
				DEBUG_INFORMATION_FORMAT = dwarf;
				ENABLE_STRICT_OBJC_MSGSEND = YES;
				ENABLE_TESTABILITY = YES;
				ENABLE_USER_SCRIPT_SANDBOXING = YES;
				GCC_C_LANGUAGE_STANDARD = gnu17;
				GCC_DYNAMIC_NO_PIC = NO;
				GCC_NO_COMMON_BLOCKS = YES;
				GCC_OPTIMIZATION_LEVEL = 0;
				GCC_PREPROCESSOR_DEFINITIONS = (
					"DEBUG=1",
					"$(inherited)",
				);
				GCC_WARN_64_TO_32_BIT_CONVERSION = YES;
				GCC_WARN_ABOUT_RETURN_TYPE = YES_ERROR;
				GCC_WARN_UNDECLARED_SELECTOR = YES;
				GCC_WARN_UNINITIALIZED_AUTOS = YES_AGGRESSIVE;
				GCC_WARN_UNUSED_FUNCTION = YES;
				GCC_WARN_UNUSED_VARIABLE = YES;
				IPHONEOS_DEPLOYMENT_TARGET = 18.1;
				LOCALIZATION_PREFERS_STRING_CATALOGS = YES;
				MTL_ENABLE_DEBUG_INFO = INCLUDE_SOURCE;
				MTL_FAST_MATH = YES;
				ONLY_ACTIVE_ARCH = YES;
				SDKROOT = iphoneos;
				SWIFT_ACTIVE_COMPILATION_CONDITIONS = "DEBUG $(inherited)";
				SWIFT_OPTIMIZATION_LEVEL = "-Onone";
			};
			name = Debug;
		};
		1B159FEE2CE71D2600334CBA /* Release */ = {
			isa = XCBuildConfiguration;
			buildSettings = {
				ALWAYS_SEARCH_USER_PATHS = NO;
				ASSETCATALOG_COMPILER_GENERATE_SWIFT_ASSET_SYMBOL_EXTENSIONS = YES;
				CLANG_ANALYZER_NONNULL = YES;
				CLANG_ANALYZER_NUMBER_OBJECT_CONVERSION = YES_AGGRESSIVE;
				CLANG_CXX_LANGUAGE_STANDARD = "gnu++20";
				CLANG_ENABLE_MODULES = YES;
				CLANG_ENABLE_OBJC_ARC = YES;
				CLANG_ENABLE_OBJC_WEAK = YES;
				CLANG_WARN_BLOCK_CAPTURE_AUTORELEASING = YES;
				CLANG_WARN_BOOL_CONVERSION = YES;
				CLANG_WARN_COMMA = YES;
				CLANG_WARN_CONSTANT_CONVERSION = YES;
				CLANG_WARN_DEPRECATED_OBJC_IMPLEMENTATIONS = YES;
				CLANG_WARN_DIRECT_OBJC_ISA_USAGE = YES_ERROR;
				CLANG_WARN_DOCUMENTATION_COMMENTS = YES;
				CLANG_WARN_EMPTY_BODY = YES;
				CLANG_WARN_ENUM_CONVERSION = YES;
				CLANG_WARN_INFINITE_RECURSION = YES;
				CLANG_WARN_INT_CONVERSION = YES;
				CLANG_WARN_NON_LITERAL_NULL_CONVERSION = YES;
				CLANG_WARN_OBJC_IMPLICIT_RETAIN_SELF = YES;
				CLANG_WARN_OBJC_LITERAL_CONVERSION = YES;
				CLANG_WARN_OBJC_ROOT_CLASS = YES_ERROR;
				CLANG_WARN_QUOTED_INCLUDE_IN_FRAMEWORK_HEADER = YES;
				CLANG_WARN_RANGE_LOOP_ANALYSIS = YES;
				CLANG_WARN_STRICT_PROTOTYPES = YES;
				CLANG_WARN_SUSPICIOUS_MOVE = YES;
				CLANG_WARN_UNGUARDED_AVAILABILITY = YES_AGGRESSIVE;
				CLANG_WARN_UNREACHABLE_CODE = YES;
				CLANG_WARN__DUPLICATE_METHOD_MATCH = YES;
				COPY_PHASE_STRIP = NO;
				DEBUG_INFORMATION_FORMAT = "dwarf-with-dsym";
				ENABLE_NS_ASSERTIONS = NO;
				ENABLE_STRICT_OBJC_MSGSEND = YES;
				ENABLE_USER_SCRIPT_SANDBOXING = YES;
				GCC_C_LANGUAGE_STANDARD = gnu17;
				GCC_NO_COMMON_BLOCKS = YES;
				GCC_WARN_64_TO_32_BIT_CONVERSION = YES;
				GCC_WARN_ABOUT_RETURN_TYPE = YES_ERROR;
				GCC_WARN_UNDECLARED_SELECTOR = YES;
				GCC_WARN_UNINITIALIZED_AUTOS = YES_AGGRESSIVE;
				GCC_WARN_UNUSED_FUNCTION = YES;
				GCC_WARN_UNUSED_VARIABLE = YES;
				IPHONEOS_DEPLOYMENT_TARGET = 18.1;
				LOCALIZATION_PREFERS_STRING_CATALOGS = YES;
				MTL_ENABLE_DEBUG_INFO = NO;
				MTL_FAST_MATH = YES;
				SDKROOT = iphoneos;
				SWIFT_COMPILATION_MODE = wholemodule;
				VALIDATE_PRODUCT = YES;
			};
			name = Release;
		};
/* End XCBuildConfiguration section */

/* Begin XCConfigurationList section */
		1B159FD22CE71D2400334CBA /* Build configuration list for PBXProject "ToDo" */ = {
			isa = XCConfigurationList;
			buildConfigurations = (
				1B159FED2CE71D2600334CBA /* Debug */,
				1B159FEE2CE71D2600334CBA /* Release */,
			);
			defaultConfigurationIsVisible = 0;
			defaultConfigurationName = Release;
		};
		1B159FEA2CE71D2600334CBA /* Build configuration list for PBXNativeTarget "ToDo" */ = {
			isa = XCConfigurationList;
			buildConfigurations = (
				1B159FEB2CE71D2600334CBA /* Debug */,
				1B159FEC2CE71D2600334CBA /* Release */,
			);
			defaultConfigurationIsVisible = 0;
			defaultConfigurationName = Release;
		};
/* End XCConfigurationList section */

/* Begin XCRemoteSwiftPackageReference section */
		1B159FF52CE71F2F00334CBA /* XCRemoteSwiftPackageReference "SnapKit" */ = {
			isa = XCRemoteSwiftPackageReference;
			repositoryURL = "https://github.com/SnapKit/SnapKit";
			requirement = {
				kind = upToNextMajorVersion;
				minimumVersion = 5.7.1;
			};
		};
/* End XCRemoteSwiftPackageReference section */

/* Begin XCSwiftPackageProductDependency section */
		1B159FF62CE71F2F00334CBA /* SnapKit */ = {
			isa = XCSwiftPackageProductDependency;
			package = 1B159FF52CE71F2F00334CBA /* XCRemoteSwiftPackageReference "SnapKit" */;
			productName = SnapKit;
		};
/* End XCSwiftPackageProductDependency section */
	};
	rootObject = 1B159FCF2CE71D2400334CBA /* Project object */;
}
